# This file is @generated by PDM.
# It is not intended for manual editing.

[metadata]
groups = ["default"]
strategy = ["inherit_metadata"]
lock_version = "4.5.0"
content_hash = "sha256:896003263e27d372cd93b7cae670eb6471b6570db55dde3cd91af7b8584de0c2"

[[metadata.targets]]
requires_python = "==3.12.*"

[[package]]
name = "bidict"
version = "0.23.1"
requires_python = ">=3.8"
summary = "The bidirectional mapping library for Python."
groups = ["default"]
files = [
    {file = "bidict-0.23.1-py3-none-any.whl", hash = "sha256:5dae8d4d79b552a71cbabc7deb25dfe8ce710b17ff41711e13010ead2abfc3e5"},
    {file = "bidict-0.23.1.tar.gz", hash = "sha256:03069d763bc387bbd20e7d49914e75fc4132a41937fa3405417e1a5a2d006d71"},
]

[[package]]
name = "blinker"
version = "1.9.0"
requires_python = ">=3.9"
summary = "Fast, simple object-to-object and broadcast signaling"
groups = ["default"]
files = [
    {file = "blinker-1.9.0-py3-none-any.whl", hash = "sha256:ba0efaa9080b619ff2f3459d1d500c57bddea4a6b424b60a91141db6fd2f08bc"},
    {file = "blinker-1.9.0.tar.gz", hash = "sha256:b4ce2265a7abece45e7cc896e98dbebe6cead56bcf805a3d23136d145f5445bf"},
]

[[package]]
name = "cffi"
version = "1.17.1"
requires_python = ">=3.8"
summary = "Foreign Function Interface for Python calling C code."
groups = ["default"]
marker = "platform_python_implementation == \"CPython\" and sys_platform == \"win32\""
dependencies = [
    "pycparser",
]
files = [
    {file = "cffi-1.17.1-cp312-cp312-macosx_10_9_x86_64.whl", hash = "sha256:805b4371bf7197c329fcb3ead37e710d1bca9da5d583f5073b799d5c5bd1eee4"},
    {file = "cffi-1.17.1-cp312-cp312-macosx_11_0_arm64.whl", hash = "sha256:733e99bc2df47476e3848417c5a4540522f234dfd4ef3ab7fafdf555b082ec0c"},
    {file = "cffi-1.17.1-cp312-cp312-manylinux_2_12_i686.manylinux2010_i686.manylinux_2_17_i686.manylinux2014_i686.whl", hash = "sha256:1257bdabf294dceb59f5e70c64a3e2f462c30c7ad68092d01bbbfb1c16b1ba36"},
    {file = "cffi-1.17.1-cp312-cp312-manylinux_2_17_aarch64.manylinux2014_aarch64.whl", hash = "sha256:da95af8214998d77a98cc14e3a3bd00aa191526343078b530ceb0bd710fb48a5"},
    {file = "cffi-1.17.1-cp312-cp312-manylinux_2_17_ppc64le.manylinux2014_ppc64le.whl", hash = "sha256:d63afe322132c194cf832bfec0dc69a99fb9bb6bbd550f161a49e9e855cc78ff"},
    {file = "cffi-1.17.1-cp312-cp312-manylinux_2_17_s390x.manylinux2014_s390x.whl", hash = "sha256:f79fc4fc25f1c8698ff97788206bb3c2598949bfe0fef03d299eb1b5356ada99"},
    {file = "cffi-1.17.1-cp312-cp312-manylinux_2_17_x86_64.manylinux2014_x86_64.whl", hash = "sha256:b62ce867176a75d03a665bad002af8e6d54644fad99a3c70905c543130e39d93"},
    {file = "cffi-1.17.1-cp312-cp312-musllinux_1_1_aarch64.whl", hash = "sha256:386c8bf53c502fff58903061338ce4f4950cbdcb23e2902d86c0f722b786bbe3"},
    {file = "cffi-1.17.1-cp312-cp312-musllinux_1_1_x86_64.whl", hash = "sha256:4ceb10419a9adf4460ea14cfd6bc43d08701f0835e979bf821052f1805850fe8"},
    {file = "cffi-1.17.1-cp312-cp312-win32.whl", hash = "sha256:a08d7e755f8ed21095a310a693525137cfe756ce62d066e53f502a83dc550f65"},
    {file = "cffi-1.17.1-cp312-cp312-win_amd64.whl", hash = "sha256:51392eae71afec0d0c8fb1a53b204dbb3bcabcb3c9b807eedf3e1e6ccf2de903"},
    {file = "cffi-1.17.1.tar.gz", hash = "sha256:1c39c6016c32bc48dd54561950ebd6836e1670f2ae46128f67cf49e789c52824"},
]

[[package]]
name = "click"
version = "8.2.1"
requires_python = ">=3.10"
summary = "Composable command line interface toolkit"
groups = ["default"]
dependencies = [
    "colorama; platform_system == \"Windows\"",
]
files = [
    {file = "click-8.2.1-py3-none-any.whl", hash = "sha256:61a3265b914e850b85317d0b3109c7f8cd35a670f963866005d6ef1d5175a12b"},
    {file = "click-8.2.1.tar.gz", hash = "sha256:27c491cc05d968d271d5a1db13e3b5a184636d9d930f148c50b038f0d0646202"},
]

[[package]]
name = "colorama"
version = "0.4.6"
requires_python = "!=3.0.*,!=3.1.*,!=3.2.*,!=3.3.*,!=3.4.*,!=3.5.*,!=3.6.*,>=2.7"
summary = "Cross-platform colored terminal text."
groups = ["default"]
marker = "sys_platform == \"win32\" or platform_system == \"Windows\""
files = [
    {file = "colorama-0.4.6-py2.py3-none-any.whl", hash = "sha256:4f1d9991f5acc0ca119f9d443620b77f9d6b33703e51011c16baf57afb285fc6"},
    {file = "colorama-0.4.6.tar.gz", hash = "sha256:08695f5cb7ed6e0531a20572697297273c47b8cae5a63ffc6d6ed5c201be6e44"},
]

[[package]]
name = "flask"
version = "3.1.2"
requires_python = ">=3.9"
summary = "A simple framework for building complex web applications."
groups = ["default"]
dependencies = [
    "blinker>=1.9.0",
    "click>=8.1.3",
    "importlib-metadata>=3.6.0; python_version < \"3.10\"",
    "itsdangerous>=2.2.0",
    "jinja2>=3.1.2",
    "markupsafe>=2.1.1",
    "werkzeug>=3.1.0",
]
files = [
    {file = "flask-3.1.2-py3-none-any.whl", hash = "sha256:ca1d8112ec8a6158cc29ea4858963350011b5c846a414cdb7a954aa9e967d03c"},
    {file = "flask-3.1.2.tar.gz", hash = "sha256:bf656c15c80190ed628ad08cdfd3aaa35beb087855e2f494910aa3774cc4fd87"},
]

[[package]]
name = "flask-cors"
version = "6.0.1"
requires_python = "<4.0,>=3.9"
summary = "A Flask extension simplifying CORS support"
groups = ["default"]
dependencies = [
    "Werkzeug>=0.7",
    "flask>=0.9",
]
files = [
    {file = "flask_cors-6.0.1-py3-none-any.whl", hash = "sha256:c7b2cbfb1a31aa0d2e5341eea03a6805349f7a61647daee1a15c46bbe981494c"},
    {file = "flask_cors-6.0.1.tar.gz", hash = "sha256:d81bcb31f07b0985be7f48406247e9243aced229b7747219160a0559edd678db"},
]

[[package]]
name = "flask-socketio"
version = "5.5.1"
requires_python = ">=3.6"
summary = "Socket.IO integration for Flask applications"
groups = ["default"]
dependencies = [
    "Flask>=0.9",
    "python-socketio>=5.12.0",
]
files = [
    {file = "Flask_SocketIO-5.5.1-py3-none-any.whl", hash = "sha256:35a50166db44d055f68021d6ec32cb96f1f925cd82de4504314be79139ea846f"},
    {file = "flask_socketio-5.5.1.tar.gz", hash = "sha256:d946c944a1074ccad8e99485a6f5c79bc5789e3ea4df0bb9c864939586c51ec4"},
]

[[package]]
name = "gevent"
version = "25.5.1"
requires_python = ">=3.9"
summary = "Coroutine-based network library"
groups = ["default"]
dependencies = [
    "cffi>=1.17.1; platform_python_implementation == \"CPython\" and sys_platform == \"win32\"",
    "greenlet>=3.2.2; platform_python_implementation == \"CPython\"",
    "zope-event",
    "zope-interface",
]
files = [
    {file = "gevent-25.5.1-cp312-cp312-macosx_11_0_universal2.whl", hash = "sha256:d87c0a1bd809d8f70f96b9b229779ec6647339830b8888a192beed33ac8d129f"},
    {file = "gevent-25.5.1-cp312-cp312-manylinux_2_17_aarch64.manylinux2014_aarch64.whl", hash = "sha256:b87a4b66edb3808d4d07bbdb0deed5a710cf3d3c531e082759afd283758bb649"},
    {file = "gevent-25.5.1-cp312-cp312-manylinux_2_17_ppc64le.manylinux2014_ppc64le.whl", hash = "sha256:f076779050029a82feb0cb1462021d3404d22f80fa76a181b1a7889cd4d6b519"},
    {file = "gevent-25.5.1-cp312-cp312-manylinux_2_17_s390x.manylinux2014_s390x.whl", hash = "sha256:bb673eb291c19370f69295f7a881a536451408481e2e3deec3f41dedb7c281ec"},
    {file = "gevent-25.5.1-cp312-cp312-manylinux_2_17_x86_64.manylinux2014_x86_64.whl", hash = "sha256:c1325ed44225c8309c0dd188bdbbbee79e1df8c11ceccac226b861c7d52e4837"},
    {file = "gevent-25.5.1-cp312-cp312-musllinux_1_2_aarch64.whl", hash = "sha256:fcd5bcad3102bde686d0adcc341fade6245186050ce14386d547ccab4bd54310"},
    {file = "gevent-25.5.1-cp312-cp312-musllinux_1_2_x86_64.whl", hash = "sha256:1a93062609e8fa67ec97cd5fb9206886774b2a09b24887f40148c9c37e6fb71c"},
    {file = "gevent-25.5.1-cp312-cp312-win_amd64.whl", hash = "sha256:2534c23dc32bed62b659ed4fd9e198906179e68b26c9276a897e04163bdde806"},
    {file = "gevent-25.5.1.tar.gz", hash = "sha256:582c948fa9a23188b890d0bc130734a506d039a2e5ad87dae276a456cc683e61"},
]

[[package]]
name = "greenlet"
version = "3.2.4"
requires_python = ">=3.9"
summary = "Lightweight in-process concurrent programming"
groups = ["default"]
marker = "platform_python_implementation == \"CPython\""
files = [
    {file = "greenlet-3.2.4-cp312-cp312-macosx_11_0_universal2.whl", hash = "sha256:3b67ca49f54cede0186854a008109d6ee71f66bd57bb36abd6d0a0267b540cdd"},
    {file = "greenlet-3.2.4-cp312-cp312-manylinux2014_aarch64.manylinux_2_17_aarch64.whl", hash = "sha256:ddf9164e7a5b08e9d22511526865780a576f19ddd00d62f8a665949327fde8bb"},
    {file = "greenlet-3.2.4-cp312-cp312-manylinux2014_ppc64le.manylinux_2_17_ppc64le.whl", hash = "sha256:f28588772bb5fb869a8eb331374ec06f24a83a9c25bfa1f38b6993afe9c1e968"},
    {file = "greenlet-3.2.4-cp312-cp312-manylinux2014_s390x.manylinux_2_17_s390x.whl", hash = "sha256:5c9320971821a7cb77cfab8d956fa8e39cd07ca44b6070db358ceb7f8797c8c9"},
    {file = "greenlet-3.2.4-cp312-cp312-manylinux2014_x86_64.manylinux_2_17_x86_64.whl", hash = "sha256:c60a6d84229b271d44b70fb6e5fa23781abb5d742af7b808ae3f6efd7c9c60f6"},
    {file = "greenlet-3.2.4-cp312-cp312-manylinux_2_24_x86_64.manylinux_2_28_x86_64.whl", hash = "sha256:3b3812d8d0c9579967815af437d96623f45c0f2ae5f04e366de62a12d83a8fb0"},
    {file = "greenlet-3.2.4-cp312-cp312-musllinux_1_1_aarch64.whl", hash = "sha256:abbf57b5a870d30c4675928c37278493044d7c14378350b3aa5d484fa65575f0"},
    {file = "greenlet-3.2.4-cp312-cp312-musllinux_1_1_x86_64.whl", hash = "sha256:20fb936b4652b6e307b8f347665e2c615540d4b42b3b4c8a321d8286da7e520f"},
    {file = "greenlet-3.2.4-cp312-cp312-win_amd64.whl", hash = "sha256:a7d4e128405eea3814a12cc2605e0e6aedb4035bf32697f72deca74de4105e02"},
    {file = "greenlet-3.2.4.tar.gz", hash = "sha256:0dca0d95ff849f9a364385f36ab49f50065d76964944638be9691e1832e9f86d"},
]

[[package]]
name = "h11"
version = "0.16.0"
requires_python = ">=3.8"
summary = "A pure-Python, bring-your-own-I/O implementation of HTTP/1.1"
groups = ["default"]
files = [
    {file = "h11-0.16.0-py3-none-any.whl", hash = "sha256:63cf8bbe7522de3bf65932fda1d9c2772064ffb3dae62d55932da54b31cb6c86"},
    {file = "h11-0.16.0.tar.gz", hash = "sha256:4e35b956cf45792e4caa5885e69fba00bdbc6ffafbfa020300e549b208ee5ff1"},
]

[[package]]
name = "itsdangerous"
version = "2.2.0"
requires_python = ">=3.8"
summary = "Safely pass data to untrusted environments and back."
groups = ["default"]
files = [
    {file = "itsdangerous-2.2.0-py3-none-any.whl", hash = "sha256:c6242fc49e35958c8b15141343aa660db5fc54d4f13a1db01a3f5891b98700ef"},
    {file = "itsdangerous-2.2.0.tar.gz", hash = "sha256:e0050c0b7da1eea53ffaf149c0cfbb5c6e2e2b69c4bef22c81fa6eb73e5f6173"},
]

[[package]]
name = "jinja2"
version = "3.1.6"
requires_python = ">=3.7"
summary = "A very fast and expressive template engine."
groups = ["default"]
dependencies = [
    "MarkupSafe>=2.0",
]
files = [
    {file = "jinja2-3.1.6-py3-none-any.whl", hash = "sha256:85ece4451f492d0c13c5dd7c13a64681a86afae63a5f347908daf103ce6d2f67"},
    {file = "jinja2-3.1.6.tar.gz", hash = "sha256:0137fb05990d35f1275a587e9aee6d56da821fc83491a0fb838183be43f66d6d"},
]

[[package]]
name = "loguru"
version = "0.7.3"
requires_python = "<4.0,>=3.5"
summary = "Python logging made (stupidly) simple"
groups = ["default"]
dependencies = [
    "aiocontextvars>=0.2.0; python_version < \"3.7\"",
    "colorama>=0.3.4; sys_platform == \"win32\"",
    "win32-setctime>=1.0.0; sys_platform == \"win32\"",
]
files = [
    {file = "loguru-0.7.3-py3-none-any.whl", hash = "sha256:31a33c10c8e1e10422bfd431aeb5d351c7cf7fa671e3c4df004162264b28220c"},
    {file = "loguru-0.7.3.tar.gz", hash = "sha256:19480589e77d47b8d85b2c827ad95d49bf31b0dcde16593892eb51dd18706eb6"},
]

[[package]]
name = "markupsafe"
version = "3.0.2"
requires_python = ">=3.9"
summary = "Safely add untrusted strings to HTML/XML markup."
groups = ["default"]
files = [
    {file = "MarkupSafe-3.0.2-cp312-cp312-macosx_10_13_universal2.whl", hash = "sha256:9778bd8ab0a994ebf6f84c2b949e65736d5575320a17ae8984a77fab08db94cf"},
    {file = "MarkupSafe-3.0.2-cp312-cp312-macosx_11_0_arm64.whl", hash = "sha256:846ade7b71e3536c4e56b386c2a47adf5741d2d8b94ec9dc3e92e5e1ee1e2225"},
    {file = "MarkupSafe-3.0.2-cp312-cp312-manylinux_2_17_aarch64.manylinux2014_aarch64.whl", hash = "sha256:1c99d261bd2d5f6b59325c92c73df481e05e57f19837bdca8413b9eac4bd8028"},
    {file = "MarkupSafe-3.0.2-cp312-cp312-manylinux_2_17_x86_64.manylinux2014_x86_64.whl", hash = "sha256:e17c96c14e19278594aa4841ec148115f9c7615a47382ecb6b82bd8fea3ab0c8"},
    {file = "MarkupSafe-3.0.2-cp312-cp312-manylinux_2_5_i686.manylinux1_i686.manylinux_2_17_i686.manylinux2014_i686.whl", hash = "sha256:88416bd1e65dcea10bc7569faacb2c20ce071dd1f87539ca2ab364bf6231393c"},
    {file = "MarkupSafe-3.0.2-cp312-cp312-musllinux_1_2_aarch64.whl", hash = "sha256:2181e67807fc2fa785d0592dc2d6206c019b9502410671cc905d132a92866557"},
    {file = "MarkupSafe-3.0.2-cp312-cp312-musllinux_1_2_i686.whl", hash = "sha256:52305740fe773d09cffb16f8ed0427942901f00adedac82ec8b67752f58a1b22"},
    {file = "MarkupSafe-3.0.2-cp312-cp312-musllinux_1_2_x86_64.whl", hash = "sha256:ad10d3ded218f1039f11a75f8091880239651b52e9bb592ca27de44eed242a48"},
    {file = "MarkupSafe-3.0.2-cp312-cp312-win32.whl", hash = "sha256:0f4ca02bea9a23221c0182836703cbf8930c5e9454bacce27e767509fa286a30"},
    {file = "MarkupSafe-3.0.2-cp312-cp312-win_amd64.whl", hash = "sha256:8e06879fc22a25ca47312fbe7c8264eb0b662f6db27cb2d3bbbc74b1df4b9b87"},
    {file = "markupsafe-3.0.2.tar.gz", hash = "sha256:ee55d3edf80167e48ea11a923c7386f4669df67d7994554387f84e7d8b0a2bf0"},
]

[[package]]
name = "mhooge-flask"
version = "1.2.8"
requires_python = ">=3.10"
path = "../scripts/mhooge_flask"
summary = "Useful helper functions for running Flask applications"
groups = ["default"]
dependencies = [
    "Flask-Cors>=3.0.0",
    "Flask>=2.0.0",
    "gevent>=20.0.0",
    "loguru>=0.6.0",
]

[[package]]
name = "pycparser"
version = "2.22"
requires_python = ">=3.8"
summary = "C parser in Python"
groups = ["default"]
marker = "platform_python_implementation == \"CPython\" and sys_platform == \"win32\""
files = [
    {file = "pycparser-2.22-py3-none-any.whl", hash = "sha256:c3702b6d3dd8c7abc1afa565d7e63d53a1d0bd86cdc24edd75470f4de499cfcc"},
    {file = "pycparser-2.22.tar.gz", hash = "sha256:491c8be9c040f5390f5bf44a5b07752bd07f56edf992381b05c701439eec10f6"},
]

[[package]]
name = "python-engineio"
version = "4.12.2"
requires_python = ">=3.6"
summary = "Engine.IO server and client for Python"
groups = ["default"]
dependencies = [
    "simple-websocket>=0.10.0",
]
files = [
    {file = "python_engineio-4.12.2-py3-none-any.whl", hash = "sha256:8218ab66950e179dfec4b4bbb30aecf3f5d86f5e58e6fc1aa7fde2c698b2804f"},
    {file = "python_engineio-4.12.2.tar.gz", hash = "sha256:e7e712ffe1be1f6a05ee5f951e72d434854a32fcfc7f6e4d9d3cae24ec70defa"},
]

[[package]]
name = "python-socketio"
version = "5.13.0"
requires_python = ">=3.8"
summary = "Socket.IO server and client for Python"
groups = ["default"]
dependencies = [
    "bidict>=0.21.0",
    "python-engineio>=4.11.0",
]
files = [
    {file = "python_socketio-5.13.0-py3-none-any.whl", hash = "sha256:51f68d6499f2df8524668c24bcec13ba1414117cfb3a90115c559b601ab10caf"},
    {file = "python_socketio-5.13.0.tar.gz", hash = "sha256:ac4e19a0302ae812e23b712ec8b6427ca0521f7c582d6abb096e36e24a263029"},
]

[[package]]
name = "setuptools"
version = "80.9.0"
requires_python = ">=3.9"
summary = "Easily download, build, install, upgrade, and uninstall Python packages"
groups = ["default"]
files = [
    {file = "setuptools-80.9.0-py3-none-any.whl", hash = "sha256:062d34222ad13e0cc312a4c02d73f059e86a4acbfbdea8f8f76b28c99f306922"},
    {file = "setuptools-80.9.0.tar.gz", hash = "sha256:f36b47402ecde768dbfafc46e8e4207b4360c654f1f3bb84475f0a28628fb19c"},
]

[[package]]
name = "simple-websocket"
version = "1.1.0"
requires_python = ">=3.6"
summary = "Simple WebSocket server and client for Python"
groups = ["default"]
dependencies = [
    "wsproto",
]
files = [
    {file = "simple_websocket-1.1.0-py3-none-any.whl", hash = "sha256:4af6069630a38ed6c561010f0e11a5bc0d4ca569b36306eb257cd9a192497c8c"},
    {file = "simple_websocket-1.1.0.tar.gz", hash = "sha256:7939234e7aa067c534abdab3a9ed933ec9ce4691b0713c78acb195560aa52ae4"},
]

[[package]]
name = "werkzeug"
version = "3.1.3"
requires_python = ">=3.9"
summary = "The comprehensive WSGI web application library."
groups = ["default"]
dependencies = [
    "MarkupSafe>=2.1.1",
]
files = [
    {file = "werkzeug-3.1.3-py3-none-any.whl", hash = "sha256:54b78bf3716d19a65be4fceccc0d1d7b89e608834989dfae50ea87564639213e"},
    {file = "werkzeug-3.1.3.tar.gz", hash = "sha256:60723ce945c19328679790e3282cc758aa4a6040e4bb330f53d30fa546d44746"},
]

[[package]]
name = "win32-setctime"
version = "1.2.0"
requires_python = ">=3.5"
summary = "A small Python utility to set file creation time on Windows"
groups = ["default"]
marker = "sys_platform == \"win32\""
files = [
    {file = "win32_setctime-1.2.0-py3-none-any.whl", hash = "sha256:95d644c4e708aba81dc3704a116d8cbc974d70b3bdb8be1d150e36be6e9d1390"},
    {file = "win32_setctime-1.2.0.tar.gz", hash = "sha256:ae1fdf948f5640aae05c511ade119313fb6a30d7eabe25fef9764dca5873c4c0"},
]

[[package]]
name = "wsproto"
version = "1.2.0"
requires_python = ">=3.7.0"
summary = "WebSockets state-machine based protocol implementation"
groups = ["default"]
dependencies = [
    "h11<1,>=0.9.0",
]
files = [
    {file = "wsproto-1.2.0-py3-none-any.whl", hash = "sha256:b9acddd652b585d75b20477888c56642fdade28bdfd3579aa24a4d2c037dd736"},
    {file = "wsproto-1.2.0.tar.gz", hash = "sha256:ad565f26ecb92588a3e43bc3d96164de84cd9902482b130d0ddbaa9664a85065"},
]

[[package]]
name = "zope-event"
version = "5.1.1"
requires_python = ">=3.9"
summary = "Very basic event publishing system"
groups = ["default"]
dependencies = [
    "setuptools>=75.8.2",
]
files = [
    {file = "zope_event-5.1.1-py3-none-any.whl", hash = "sha256:8d5ea7b992c42ce73a6fa9c2ba99a004c52cd9f05d87f3220768ef0329b92df7"},
    {file = "zope_event-5.1.1.tar.gz", hash = "sha256:c1ac931abf57efba71a2a313c5f4d57768a19b15c37e3f02f50eb1536be12d4e"},
]

[[package]]
name = "zope-interface"
version = "7.2"
requires_python = ">=3.8"
summary = "Interfaces for Python"
groups = ["default"]
dependencies = [
    "setuptools",
]
files = [
    {file = "zope.interface-7.2-cp312-cp312-macosx_10_9_x86_64.whl", hash = "sha256:086ee2f51eaef1e4a52bd7d3111a0404081dadae87f84c0ad4ce2649d4f708b7"},
    {file = "zope.interface-7.2-cp312-cp312-macosx_11_0_arm64.whl", hash = "sha256:21328fcc9d5b80768bf051faa35ab98fb979080c18e6f84ab3f27ce703bce465"},
    {file = "zope.interface-7.2-cp312-cp312-manylinux_2_17_aarch64.manylinux2014_aarch64.whl", hash = "sha256:f6dd02ec01f4468da0f234da9d9c8545c5412fef80bc590cc51d8dd084138a89"},
    {file = "zope.interface-7.2-cp312-cp312-manylinux_2_5_i686.manylinux1_i686.manylinux_2_17_i686.manylinux2014_i686.whl", hash = "sha256:8e7da17f53e25d1a3bde5da4601e026adc9e8071f9f6f936d0fe3fe84ace6d54"},
    {file = "zope.interface-7.2-cp312-cp312-manylinux_2_5_x86_64.manylinux1_x86_64.manylinux_2_17_x86_64.manylinux2014_x86_64.whl", hash = "sha256:cab15ff4832580aa440dc9790b8a6128abd0b88b7ee4dd56abacbc52f212209d"},
    {file = "zope.interface-7.2-cp312-cp312-win_amd64.whl", hash = "sha256:29caad142a2355ce7cfea48725aa8bcf0067e2b5cc63fcf5cd9f97ad12d6afb5"},
    {file = "zope.interface-7.2.tar.gz", hash = "sha256:8b49f1a3d1ee4cdaf5b32d2e738362c7f5e40ac8b46dd7d1a65e82a4872728fe"},
]
